
Microsoft Visual Studio Solution File, Format Version 12.00
# Visual Studio Version 16
VisualStudioVersion = 16.0.30523.141
MinimumVisualStudioVersion = 10.0.40219.1
Project("{FAE04EC0-301F-11D3-BF4B-00C04F79EFBC}") = "CustomButtonIOS.Android", "CustomButtonIOS.Android\CustomButtonIOS.Android.csproj", "{AEC63A84-626E-4968-B7D4-99AA1C2CAFBD}"
EndProject
Project("{FAE04EC0-301F-11D3-BF4B-00C04F79EFBC}") = "CustomButtonIOS.iOS", "CustomButtonIOS.iOS\CustomButtonIOS.iOS.csproj", "{F93497B1-8860-46F9-9512-616479F54593}"
EndProject
Project("{FAE04EC0-301F-11D3-BF4B-00C04F79EFBC}") = "CustomButtonIOS", "CustomButtonIOS\CustomButtonIOS.csproj", "{F7FF3A42-5AE0-4A1A-9961-549F02279FC1}"
EndProject
Global
	GlobalSection(SolutionConfigurationPlatforms) = preSolution
		Debug|Any CPU = Debug|Any CPU
		Debug|iPhone = Debug|iPhone
		Debug|iPhoneSimulator = Debug|iPhoneSimulator
		Release|Any CPU = Release|Any CPU
		Release|iPhone = Release|iPhone
		Release|iPhoneSimulator = Release|iPhoneSimulator
	EndGlobalSection
	GlobalSection(ProjectConfigurationPlatforms) = postSolution
		{AEC63A84-626E-4968-B7D4-99AA1C2CAFBD}.Debug|Any CPU.ActiveCfg = Debug|Any CPU
		{AEC63A84-626E-4968-B7D4-99AA1C2CAFBD}.Debug|Any CPU.Build.0 = Debug|Any CPU
		{AEC63A84-626E-4968-B7D4-99AA1C2CAFBD}.Debug|Any CPU.Deploy.0 = Debug|Any CPU
		{AEC63A84-626E-4968-B7D4-99AA1C2CAFBD}.Debug|iPhone.ActiveCfg = Debug|Any CPU
		{AEC63A84-626E-4968-B7D4-99AA1C2CAFBD}.Debug|iPhone.Build.0 = Debug|Any CPU
		{AEC63A84-626E-4968-B7D4-99AA1C2CAFBD}.Debug|iPhone.Deploy.0 = Debug|Any CPU
		{AEC63A84-626E-4968-B7D4-99AA1C2CAFBD}.Debug|iPhoneSimulator.ActiveCfg = Debug|Any CPU
		{AEC63A84-626E-4968-B7D4-99AA1C2CAFBD}.Debug|iPhoneSimulator.Build.0 = Debug|Any CPU
		{AEC63A84-626E-4968-B7D4-99AA1C2CAFBD}.Debug|iPhoneSimulator.Deploy.0 = Debug|Any CPU
		{AEC63A84-626E-4968-B7D4-99AA1C2CAFBD}.Release|Any CPU.ActiveCfg = Release|Any CPU
		{AEC63A84-626E-4968-B7D4-99AA1C2CAFBD}.Release|Any CPU.Build.0 = Release|Any CPU
		{AEC63A84-626E-4968-B7D4-99AA1C2CAFBD}.Release|Any CPU.Deploy.0 = Release|Any CPU
		{AEC63A84-626E-4968-B7D4-99AA1C2CAFBD}.Release|iPhone.ActiveCfg = Release|Any CPU
		{AEC63A84-626E-4968-B7D4-99AA1C2CAFBD}.Release|iPhone.Build.0 = Release|Any CPU
		{AEC63A84-626E-4968-B7D4-99AA1C2CAFBD}.Release|iPhone.Deploy.0 = Release|Any CPU
		{AEC63A84-626E-4968-B7D4-99AA1C2CAFBD}.Release|iPhoneSimulator.ActiveCfg = Release|Any CPU
		{AEC63A84-626E-4968-B7D4-99AA1C2CAFBD}.Release|iPhoneSimulator.Build.0 = Release|Any CPU
		{AEC63A84-626E-4968-B7D4-99AA1C2CAFBD}.Release|iPhoneSimulator.Deploy.0 = Release|Any CPU
		{F93497B1-8860-46F9-9512-616479F54593}.Debug|Any CPU.ActiveCfg = Debug|iPhone
		{F93497B1-8860-46F9-9512-616479F54593}.Debug|Any CPU.Build.0 = Debug|iPhone
		{F93497B1-8860-46F9-9512-616479F54593}.Debug|Any CPU.Deploy.0 = Debug|iPhone
		{F93497B1-8860-46F9-9512-616479F54593}.Debug|iPhone.ActiveCfg = Debug|iPhone
		{F93497B1-8860-46F9-9512-616479F54593}.Debug|iPhone.Build.0 = Debug|iPhone
		{F93497B1-8860-46F9-9512-616479F54593}.Debug|iPhone.Deploy.0 = Debug|iPhone
		{F93497B1-8860-46F9-9512-616479F54593}.Debug|iPhoneSimulator.ActiveCfg = Debug|iPhoneSimulator
		{F93497B1-8860-46F9-9512-616479F54593}.Debug|iPhoneSimulator.Build.0 = Debug|iPhoneSimulator
		{F93497B1-8860-46F9-9512-616479F54593}.Debug|iPhoneSimulator.Deploy.0 = Debug|iPhoneSimulator
		{F93497B1-8860-46F9-9512-616479F54593}.Release|Any CPU.ActiveCfg = Release|iPhoneSimulator
		{F93497B1-8860-46F9-9512-616479F54593}.Release|Any CPU.Build.0 = Release|iPhoneSimulator
		{F93497B1-8860-46F9-9512-616479F54593}.Release|Any CPU.Deploy.0 = Release|iPhoneSimulator
		{F93497B1-8860-46F9-9512-616479F54593}.Release|iPhone.ActiveCfg = Release|iPhone
		{F93497B1-8860-46F9-9512-616479F54593}.Release|iPhone.Build.0 = Release|iPhone
		{F93497B1-8860-46F9-9512-616479F54593}.Release|iPhone.Deploy.0 = Release|iPhone
		{F93497B1-8860-46F9-9512-616479F54593}.Release|iPhoneSimulator.ActiveCfg = Release|iPhoneSimulator
		{F93497B1-8860-46F9-9512-616479F54593}.Release|iPhoneSimulator.Build.0 = Release|iPhoneSimulator
		{F93497B1-8860-46F9-9512-616479F54593}.Release|iPhoneSimulator.Deploy.0 = Release|iPhoneSimulator
		{F7FF3A42-5AE0-4A1A-9961-549F02279FC1}.Debug|Any CPU.ActiveCfg = Debug|Any CPU
		{F7FF3A42-5AE0-4A1A-9961-549F02279FC1}.Debug|Any CPU.Build.0 = Debug|Any CPU
		{F7FF3A42-5AE0-4A1A-9961-549F02279FC1}.Debug|Any CPU.Deploy.0 = Debug|Any CPU
		{F7FF3A42-5AE0-4A1A-9961-549F02279FC1}.Debug|iPhone.ActiveCfg = Debug|Any CPU
		{F7FF3A42-5AE0-4A1A-9961-549F02279FC1}.Debug|iPhone.Build.0 = Debug|Any CPU
		{F7FF3A42-5AE0-4A1A-9961-549F02279FC1}.Debug|iPhone.Deploy.0 = Debug|Any CPU
		{F7FF3A42-5AE0-4A1A-9961-549F02279FC1}.Debug|iPhoneSimulator.ActiveCfg = Debug|Any CPU
		{F7FF3A42-5AE0-4A1A-9961-549F02279FC1}.Debug|iPhoneSimulator.Build.0 = Debug|Any CPU
		{F7FF3A42-5AE0-4A1A-9961-549F02279FC1}.Debug|iPhoneSimulator.Deploy.0 = Debug|Any CPU
		{F7FF3A42-5AE0-4A1A-9961-549F02279FC1}.Release|Any CPU.ActiveCfg = Release|Any CPU
		{F7FF3A42-5AE0-4A1A-9961-549F02279FC1}.Release|Any CPU.Build.0 = Release|Any CPU
		{F7FF3A42-5AE0-4A1A-9961-549F02279FC1}.Release|Any CPU.Deploy.0 = Release|Any CPU
		{F7FF3A42-5AE0-4A1A-9961-549F02279FC1}.Release|iPhone.ActiveCfg = Release|Any CPU
		{F7FF3A42-5AE0-4A1A-9961-549F02279FC1}.Release|iPhone.Build.0 = Release|Any CPU
		{F7FF3A42-5AE0-4A1A-9961-549F02279FC1}.Release|iPhone.Deploy.0 = Release|Any CPU
		{F7FF3A42-5AE0-4A1A-9961-549F02279FC1}.Release|iPhoneSimulator.ActiveCfg = Release|Any CPU
		{F7FF3A42-5AE0-4A1A-9961-549F02279FC1}.Release|iPhoneSimulator.Build.0 = Release|Any CPU
		{F7FF3A42-5AE0-4A1A-9961-549F02279FC1}.Release|iPhoneSimulator.Deploy.0 = Release|Any CPU
	EndGlobalSection
	GlobalSection(SolutionProperties) = preSolution
		HideSolutionNode = FALSE
	EndGlobalSection
	GlobalSection(ExtensibilityGlobals) = postSolution
		SolutionGuid = {D7EEA247-7835-4CFE-840A-473B40F581B3}
	EndGlobalSection
EndGlobal
